
Microsoft Visual Studio Solution File, Format Version 12.00
# Visual Studio Version 16
VisualStudioVersion = 16.0.31313.79
MinimumVisualStudioVersion = 10.0.40219.1
Project("{FAE04EC0-301F-11D3-BF4B-00C04F79EFBC}") = "Animals", "Animals\Animals.csproj", "{7073E8AD-B768-4620-BE4F-E2DA6BFFAD24}"
EndProject
Project("{FAE04EC0-301F-11D3-BF4B-00C04F79EFBC}") = "Inheritance", "Inheritance\Inheritance.csproj", "{67C415BB-3C39-468A-AA51-C083C90FED18}"
EndProject
Project("{FAE04EC0-301F-11D3-BF4B-00C04F79EFBC}") = "Car", "Car\Car.csproj", "{00609242-EB02-42C1-A830-1961F061DA49}"
EndProject
Global
	GlobalSection(SolutionConfigurationPlatforms) = preSolution
		Debug|Any CPU = Debug|Any CPU
		Release|Any CPU = Release|Any CPU
	EndGlobalSection
	GlobalSection(ProjectConfigurationPlatforms) = postSolution
		{7073E8AD-B768-4620-BE4F-E2DA6BFFAD24}.Debug|Any CPU.ActiveCfg = Debug|Any CPU
		{7073E8AD-B768-4620-BE4F-E2DA6BFFAD24}.Debug|Any CPU.Build.0 = Debug|Any CPU
		{7073E8AD-B768-4620-BE4F-E2DA6BFFAD24}.Release|Any CPU.ActiveCfg = Release|Any CPU
		{7073E8AD-B768-4620-BE4F-E2DA6BFFAD24}.Release|Any CPU.Build.0 = Release|Any CPU
		{67C415BB-3C39-468A-AA51-C083C90FED18}.Debug|Any CPU.ActiveCfg = Debug|Any CPU
		{67C415BB-3C39-468A-AA51-C083C90FED18}.Debug|Any CPU.Build.0 = Debug|Any CPU
		{67C415BB-3C39-468A-AA51-C083C90FED18}.Release|Any CPU.ActiveCfg = Release|Any CPU
		{67C415BB-3C39-468A-AA51-C083C90FED18}.Release|Any CPU.Build.0 = Release|Any CPU
		{00609242-EB02-42C1-A830-1961F061DA49}.Debug|Any CPU.ActiveCfg = Debug|Any CPU
		{00609242-EB02-42C1-A830-1961F061DA49}.Debug|Any CPU.Build.0 = Debug|Any CPU
		{00609242-EB02-42C1-A830-1961F061DA49}.Release|Any CPU.ActiveCfg = Release|Any CPU
		{00609242-EB02-42C1-A830-1961F061DA49}.Release|Any CPU.Build.0 = Release|Any CPU
	EndGlobalSection
	GlobalSection(SolutionProperties) = preSolution
		HideSolutionNode = FALSE
	EndGlobalSection
	GlobalSection(ExtensibilityGlobals) = postSolution
		SolutionGuid = {0DA8BFA0-D392-4110-A4C2-9F568B58B54D}
	EndGlobalSection
EndGlobal
